
Microsoft Visual Studio Solution File, Format Version 12.00
# Visual Studio Version 16
VisualStudioVersion = 16.0.29503.13
MinimumVisualStudioVersion = 10.0.40219.1
Project("{FAE04EC0-301F-11D3-BF4B-00C04F79EFBC}") = "WebSockets", "WebSockets.csproj", "{36BDE625-CF9D-4CD2-96E2-C5C99B95D958}"
EndProject
Global
	GlobalSection(SolutionConfigurationPlatforms) = preSolution
		Debug|Any CPU = Debug|Any CPU
		Release|Any CPU = Release|Any CPU
	EndGlobalSection
	GlobalSection(ProjectConfigurationPlatforms) = postSolution
		{36BDE625-CF9D-4CD2-96E2-C5C99B95D958}.Debug|Any CPU.ActiveCfg = Debug|Any CPU
		{36BDE625-CF9D-4CD2-96E2-C5C99B95D958}.Debug|Any CPU.Build.0 = Debug|Any CPU
		{36BDE625-CF9D-4CD2-96E2-C5C99B95D958}.Release|Any CPU.ActiveCfg = Release|Any CPU
		{36BDE625-CF9D-4CD2-96E2-C5C99B95D958}.Release|Any CPU.Build.0 = Release|Any CPU
	EndGlobalSection
	GlobalSection(SolutionProperties) = preSolution
		HideSolutionNode = FALSE
	EndGlobalSection
	GlobalSection(ExtensibilityGlobals) = postSolution
		SolutionGuid = {483F4F15-C6AF-439F-A3ED-483DA5450068}
	EndGlobalSection
EndGlobal
